PODS:
  - CocoaLumberjack (2.2.0):
    - CocoaLumberjack/Default (= 2.2.0)
    - CocoaLumberjack/Extensions (= 2.2.0)
  - CocoaLumberjack/Core (2.2.0)
  - CocoaLumberjack/Default (2.2.0):
    - CocoaLumberjack/Core
  - CocoaLumberjack/Extensions (2.2.0):
    - CocoaLumberjack/Default
  - PubNub (4.2.0):
    - CocoaLumberjack (= 2.2.0)
    - PubNub/Core (= 4.2.0)
  - PubNub/Core (4.2.0):
    - CocoaLumberjack (= 2.2.0)

DEPENDENCIES:
  - PubNub

SPEC CHECKSUMS:
  CocoaLumberjack: 17fe8581f84914d5d7e6360f7c70022b173c3ae0
  PubNub: ec07d2fd89de3f958d776b6e9dc387009ca03129

COCOAPODS: 0.39.0
